
Microsoft Visual Studio Solution File, Format Version 12.00
# Visual Studio Version 17
VisualStudioVersion = 17.0.32014.148
MinimumVisualStudioVersion = 10.0.40219.1
Project("{9A19103F-16F7-4668-BE54-9A1E7A4F7556}") = "WEBAPITRAX", "WEBAPITRAX.csproj", "{78A7BC43-72A3-4B2C-B9ED-94B29BA94362}"
EndProject
Project("{9A19103F-16F7-4668-BE54-9A1E7A4F7556}") = "Web.Api.Models", "..\Web.Api.Models\Web.Api.Models.csproj", "{2E565DB8-F539-4010-96FC-5DBDDE7B184B}"
EndProject
Project("{9A19103F-16F7-4668-BE54-9A1E7A4F7556}") = "Web.Api.RepositoryTrax", "..\Web.Api.RepositoryTrax\Web.Api.RepositoryTrax.csproj", "{1F0B74EF-A9C2-4E2A-A81E-D49B7036CB24}"
EndProject
Project("{FAE04EC0-301F-11D3-BF4B-00C04F79EFBC}") = "Web.Api.Generic", "..\Web.Api.Generic\Web.Api.Generic.csproj", "{2D77A3C6-2FFA-408C-ACE4-3EAAA3990FAB}"
EndProject
Global
	GlobalSection(SolutionConfigurationPlatforms) = preSolution
		Debug|Any CPU = Debug|Any CPU
		Release|Any CPU = Release|Any CPU
	EndGlobalSection
	GlobalSection(ProjectConfigurationPlatforms) = postSolution
		{78A7BC43-72A3-4B2C-B9ED-94B29BA94362}.Debug|Any CPU.ActiveCfg = Debug|Any CPU
		{78A7BC43-72A3-4B2C-B9ED-94B29BA94362}.Debug|Any CPU.Build.0 = Debug|Any CPU
		{78A7BC43-72A3-4B2C-B9ED-94B29BA94362}.Release|Any CPU.ActiveCfg = Release|Any CPU
		{78A7BC43-72A3-4B2C-B9ED-94B29BA94362}.Release|Any CPU.Build.0 = Release|Any CPU
		{2E565DB8-F539-4010-96FC-5DBDDE7B184B}.Debug|Any CPU.ActiveCfg = Debug|Any CPU
		{2E565DB8-F539-4010-96FC-5DBDDE7B184B}.Debug|Any CPU.Build.0 = Debug|Any CPU
		{2E565DB8-F539-4010-96FC-5DBDDE7B184B}.Release|Any CPU.ActiveCfg = Release|Any CPU
		{2E565DB8-F539-4010-96FC-5DBDDE7B184B}.Release|Any CPU.Build.0 = Release|Any CPU
		{1F0B74EF-A9C2-4E2A-A81E-D49B7036CB24}.Debug|Any CPU.ActiveCfg = Debug|Any CPU
		{1F0B74EF-A9C2-4E2A-A81E-D49B7036CB24}.Debug|Any CPU.Build.0 = Debug|Any CPU
		{1F0B74EF-A9C2-4E2A-A81E-D49B7036CB24}.Release|Any CPU.ActiveCfg = Release|Any CPU
		{1F0B74EF-A9C2-4E2A-A81E-D49B7036CB24}.Release|Any CPU.Build.0 = Release|Any CPU
		{2D77A3C6-2FFA-408C-ACE4-3EAAA3990FAB}.Debug|Any CPU.ActiveCfg = Debug|Any CPU
		{2D77A3C6-2FFA-408C-ACE4-3EAAA3990FAB}.Debug|Any CPU.Build.0 = Debug|Any CPU
		{2D77A3C6-2FFA-408C-ACE4-3EAAA3990FAB}.Release|Any CPU.ActiveCfg = Release|Any CPU
		{2D77A3C6-2FFA-408C-ACE4-3EAAA3990FAB}.Release|Any CPU.Build.0 = Release|Any CPU
	EndGlobalSection
	GlobalSection(SolutionProperties) = preSolution
		HideSolutionNode = FALSE
	EndGlobalSection
	GlobalSection(ExtensibilityGlobals) = postSolution
		SolutionGuid = {50914C8F-A5D3-4579-AC2A-1373D0C0146C}
	EndGlobalSection
EndGlobal
